<?xml version="1.0" encoding="utf-8"?>
<Project ToolsVersion="4.0" xmlns="http://schemas.microsoft.com/developer/msbuild/2003">
  <ItemGroup>
    <ClCompile Include="DisplayMover.cpp">
      <Filter>ソースファイル</Filter>
    </ClCompile>
    <ClCompile Include="Boss.cpp">
      <Filter>ソースファイル\mover\Boss</Filter>
    </ClCompile>
    <ClCompile Include="BossArea.cpp">
      <Filter>ソースファイル\mover\Boss</Filter>
    </ClCompile>
    <ClCompile Include="BulletHoming.cpp">
      <Filter>ソースファイル\mover\Bullet</Filter>
    </ClCompile>
    <ClCompile Include="Bullet.cpp">
      <Filter>ソースファイル\mover\Bullet</Filter>
    </ClCompile>
    <ClCompile Include="Enemy.cpp">
      <Filter>ソースファイル\mover\enemy</Filter>
    </ClCompile>
    <ClCompile Include="Enemy_1.cpp">
      <Filter>ソースファイル\mover\enemy</Filter>
    </ClCompile>
    <ClCompile Include="Enemy_2.cpp">
      <Filter>ソースファイル\mover\enemy</Filter>
    </ClCompile>
    <ClCompile Include="EnemyArea.cpp">
      <Filter>ソースファイル\mover\enemy</Filter>
    </ClCompile>
    <ClCompile Include="main.cpp">
      <Filter>ソースファイル</Filter>
    </ClCompile>
    <ClCompile Include="Shop.cpp">
      <Filter>ヘッダーファイル</Filter>
    </ClCompile>
    <ClCompile Include="AreaEnemySpawner.cpp">
      <Filter>ソースファイル\mover\factly</Filter>
    </ClCompile>
    <ClCompile Include="F_lib\F_lib_cpp\colision.cpp">
      <Filter>f_lib\cpp</Filter>
    </ClCompile>
    <ClCompile Include="F_lib\F_lib_cpp\Camera.cpp">
      <Filter>f_lib\cpp</Filter>
    </ClCompile>
    <ClCompile Include="F_lib\F_lib_cpp\Window.cpp">
      <Filter>f_lib\cpp</Filter>
    </ClCompile>
    <ClCompile Include="F_lib\F_lib_cpp\TextureManeger.cpp">
      <Filter>f_lib\cpp</Filter>
    </ClCompile>
    <ClCompile Include="F_lib\F_lib_cpp\texture.cpp">
      <Filter>f_lib\cpp</Filter>
    </ClCompile>
    <ClCompile Include="F_lib\F_lib_cpp\Text.cpp">
      <Filter>f_lib\cpp</Filter>
    </ClCompile>
    <ClCompile Include="F_lib\F_lib_cpp\ResourceManager.cpp">
      <Filter>f_lib\cpp</Filter>
    </ClCompile>
    <ClCompile Include="F_lib\F_lib_cpp\ResderTerget.cpp">
      <Filter>f_lib\cpp</Filter>
    </ClCompile>
    <ClCompile Include="F_lib\F_lib_cpp\RenderingEngine.cpp">
      <Filter>f_lib\cpp</Filter>
    </ClCompile>
    <ClCompile Include="F_lib\F_lib_cpp\moverManeger.cpp">
      <Filter>f_lib\cpp</Filter>
    </ClCompile>
    <ClCompile Include="F_lib\F_lib_cpp\mover.cpp">
      <Filter>f_lib\cpp</Filter>
    </ClCompile>
    <ClCompile Include="F_lib\F_lib_cpp\MeshManeger.cpp">
      <Filter>f_lib\cpp</Filter>
    </ClCompile>
    <ClCompile Include="F_lib\F_lib_cpp\Mesh_Sprite.cpp">
      <Filter>f_lib\cpp</Filter>
    </ClCompile>
    <ClCompile Include="F_lib\F_lib_cpp\Mesh_billbord.cpp">
      <Filter>f_lib\cpp</Filter>
    </ClCompile>
    <ClCompile Include="F_lib\F_lib_cpp\Mesh_Fbxmodel.cpp">
      <Filter>f_lib\cpp</Filter>
    </ClCompile>
    <ClCompile Include="F_lib\F_lib_cpp\Mesh_ShaderDat.cpp">
      <Filter>f_lib\cpp</Filter>
    </ClCompile>
    <ClCompile Include="F_lib\F_lib_cpp\Mesh.cpp">
      <Filter>f_lib\cpp</Filter>
    </ClCompile>
    <ClCompile Include="F_lib\F_lib_cpp\Light.cpp">
      <Filter>f_lib\cpp</Filter>
    </ClCompile>
    <ClCompile Include="F_lib\F_lib_cpp\Fpsmaneger.cpp">
      <Filter>f_lib\cpp</Filter>
    </ClCompile>
    <ClCompile Include="F_lib\F_lib_cpp\EffekseerManeger.cpp">
      <Filter>f_lib\cpp</Filter>
    </ClCompile>
    <ClCompile Include="CustomInput.cpp">
      <Filter>ソースファイル\window</Filter>
    </ClCompile>
    <ClCompile Include="D2DDrawMng.cpp">
      <Filter>ソースファイル\window</Filter>
    </ClCompile>
    <ClCompile Include="D2DFunctions.cpp">
      <Filter>ソースファイル\window</Filter>
    </ClCompile>
    <ClCompile Include="D2DRenderTargetsAndDWrite.cpp">
      <Filter>ソースファイル\window</Filter>
    </ClCompile>
    <ClCompile Include="D2DText.cpp">
      <Filter>ソースファイル\window</Filter>
    </ClCompile>
    <ClCompile Include="item.cpp">
      <Filter>ソースファイル\mover\item</Filter>
    </ClCompile>
    <ClCompile Include="WeponSword.cpp">
      <Filter>ソースファイル\mover\player</Filter>
    </ClCompile>
    <ClCompile Include="Wepon.cpp">
      <Filter>ソースファイル\mover\player</Filter>
    </ClCompile>
    <ClCompile Include="Wepon_MissileLunther.cpp">
      <Filter>ソースファイル\mover\player</Filter>
    </ClCompile>
    <ClCompile Include="WeponBoomerang.cpp">
      <Filter>ソースファイル\mover\player</Filter>
    </ClCompile>
    <ClCompile Include="WeponFlamethrower.cpp">
      <Filter>ソースファイル\mover\player</Filter>
    </ClCompile>
    <ClCompile Include="WeponLyzer.cpp">
      <Filter>ソースファイル\mover\player</Filter>
    </ClCompile>
    <ClCompile Include="UI.cpp">
      <Filter>ソースファイル\ui</Filter>
    </ClCompile>
    <ClCompile Include="UIPlayer.cpp">
      <Filter>ソースファイル\ui</Filter>
    </ClCompile>
    <ClCompile Include="SceneTitle.cpp">
      <Filter>ソースファイル\Scene</Filter>
    </ClCompile>
    <ClCompile Include="Scene_Corection.cpp">
      <Filter>ソースファイル\Scene</Filter>
    </ClCompile>
    <ClCompile Include="SceneManager_infure.cpp">
      <Filter>ソースファイル\Scene</Filter>
    </ClCompile>
    <ClCompile Include="F_lib\F_lib_cpp\SceneManeger.cpp">
      <Filter>ソースファイル\Scene</Filter>
    </ClCompile>
    <ClCompile Include="Scene_Game.cpp">
      <Filter>ソースファイル\Scene\game</Filter>
    </ClCompile>
    <ClCompile Include="gameArea.cpp">
      <Filter>ソースファイル\Scene\game</Filter>
    </ClCompile>
    <ClCompile Include="GameTimer.cpp">
      <Filter>ソースファイル\Scene\game</Filter>
    </ClCompile>
    <ClCompile Include="MoverList.cpp">
      <Filter>ソースファイル\mover</Filter>
    </ClCompile>
    <ClCompile Include="Obstacle.cpp">
      <Filter>ソースファイル\mover\Obstraut</Filter>
    </ClCompile>
    <ClCompile Include="TM.cpp">
      <Filter>ソースファイル\window</Filter>
    </ClCompile>
    <ClCompile Include="RenderTargetResources.cpp">
      <Filter>ソースファイル\window</Filter>
    </ClCompile>
    <ClCompile Include="RM.cpp">
      <Filter>ソースファイル\window</Filter>
    </ClCompile>
    <ClCompile Include="F_lib\F_lib_cpp\sound.cpp">
      <Filter>ソースファイル\window</Filter>
    </ClCompile>
    <ClCompile Include="Equipment1.cpp">
      <Filter>ソースファイル\mover\player</Filter>
    </ClCompile>
    <ClCompile Include="Equipment.cpp">
      <Filter>ソースファイル\mover\player</Filter>
    </ClCompile>
    <ClCompile Include="Player.cpp">
      <Filter>ソースファイル\mover\player</Filter>
    </ClCompile>
    <ClCompile Include="EnemySpawner.cpp">
      <Filter>ソースファイル\mover\factly</Filter>
    </ClCompile>
    <ClCompile Include="MeshM.cpp">
      <Filter>ソースファイル\window</Filter>
    </ClCompile>
    <ClCompile Include="MainWindow.cpp">
      <Filter>ソースファイル\window</Filter>
    </ClCompile>
    <ClCompile Include="input.cpp">
      <Filter>ソースファイル\window</Filter>
    </ClCompile>
  </ItemGroup>
  <ItemGroup>
    <ClInclude Include="DisplayMover.h">
      <Filter>ヘッダーファイル</Filter>
    </ClInclude>
    <ClInclude Include="Boss.h">
      <Filter>ヘッダーファイル\mover\Boss</Filter>
    </ClInclude>
    <ClInclude Include="BossArea.h">
      <Filter>ヘッダーファイル\mover\Boss</Filter>
    </ClInclude>
    <ClInclude Include="Bullet.h">
      <Filter>ヘッダーファイル\mover\bullet</Filter>
    </ClInclude>
    <ClInclude Include="BulletHoming.h">
      <Filter>ヘッダーファイル\mover\bullet</Filter>
    </ClInclude>
    <ClInclude Include="Enemy.h">
      <Filter>ヘッダーファイル\mover\enemy</Filter>
    </ClInclude>
    <ClInclude Include="Enemy_1.h">
      <Filter>ヘッダーファイル\mover\enemy</Filter>
    </ClInclude>
    <ClInclude Include="Enemy_2.h">
      <Filter>ヘッダーファイル\mover\enemy</Filter>
    </ClInclude>
    <ClInclude Include="F_lib\include\Camera.h">
      <Filter>f_lib\h</Filter>
    </ClInclude>
    <ClInclude Include="F_lib\include\Colision.h">
      <Filter>f_lib\h</Filter>
    </ClInclude>
    <ClInclude Include="F_lib\include\comon.h">
      <Filter>f_lib\h</Filter>
    </ClInclude>
    <ClInclude Include="F_lib\include\datemaneger.h">
      <Filter>f_lib\h</Filter>
    </ClInclude>
    <ClInclude Include="F_lib\include\EffekseerManeger.h">
      <Filter>f_lib\h</Filter>
    </ClInclude>
    <ClInclude Include="F_lib\include\Fpsmaneger.h">
      <Filter>f_lib\h</Filter>
    </ClInclude>
    <ClInclude Include="F_lib\include\Light.h">
      <Filter>f_lib\h</Filter>
    </ClInclude>
    <ClInclude Include="F_lib\include\Mesh.h">
      <Filter>f_lib\h</Filter>
    </ClInclude>
    <ClInclude Include="F_lib\include\Mesh_billbord.h">
      <Filter>f_lib\h</Filter>
    </ClInclude>
    <ClInclude Include="F_lib\include\Mesh_Fbxmodel.h">
      <Filter>f_lib\h</Filter>
    </ClInclude>
    <ClInclude Include="F_lib\include\Mesh_ShaderDat.h">
      <Filter>f_lib\h</Filter>
    </ClInclude>
    <ClInclude Include="F_lib\include\Mesh_Sprite.h">
      <Filter>f_lib\h</Filter>
    </ClInclude>
    <ClInclude Include="F_lib\include\MeshManeger.h">
      <Filter>f_lib\h</Filter>
    </ClInclude>
    <ClInclude Include="F_lib\include\mover.h">
      <Filter>f_lib\h</Filter>
    </ClInclude>
    <ClInclude Include="F_lib\include\moverManeger.h">
      <Filter>f_lib\h</Filter>
    </ClInclude>
    <ClInclude Include="F_lib\include\paramerter.h">
      <Filter>f_lib\h</Filter>
    </ClInclude>
    <ClInclude Include="F_lib\include\RenderingEngine.h">
      <Filter>f_lib\h</Filter>
    </ClInclude>
    <ClInclude Include="F_lib\include\ResderTerget.h">
      <Filter>f_lib\h</Filter>
    </ClInclude>
    <ClInclude Include="F_lib\include\ResourceManager.h">
      <Filter>f_lib\h</Filter>
    </ClInclude>
    <ClInclude Include="F_lib\include\SceneManeger.h">
      <Filter>f_lib\h</Filter>
    </ClInclude>
    <ClInclude Include="F_lib\include\Text.h">
      <Filter>f_lib\h</Filter>
    </ClInclude>
    <ClInclude Include="F_lib\include\texture.h">
      <Filter>f_lib\h</Filter>
    </ClInclude>
    <ClInclude Include="F_lib\include\TextureManeger.h">
      <Filter>f_lib\h</Filter>
    </ClInclude>
    <ClInclude Include="F_lib\include\Window.h">
      <Filter>f_lib\h</Filter>
    </ClInclude>
    <ClInclude Include="Player.h">
      <Filter>ヘッダーファイル\mover\player</Filter>
    </ClInclude>
    <ClInclude Include="Wepon.h">
      <Filter>ヘッダーファイル\mover\player</Filter>
    </ClInclude>
    <ClInclude Include="Wepon_MissileLunther.h">
      <Filter>ヘッダーファイル\mover\player</Filter>
    </ClInclude>
    <ClInclude Include="WeponBoomerang.h">
      <Filter>ヘッダーファイル\mover\player</Filter>
    </ClInclude>
    <ClInclude Include="WeponLyzer.h">
      <Filter>ヘッダーファイル\mover\player</Filter>
    </ClInclude>
    <ClInclude Include="WeponSword.h">
      <Filter>ヘッダーファイル\mover\player</Filter>
    </ClInclude>
    <ClInclude Include="WeponFlamethrower.h">
      <Filter>ヘッダーファイル\mover\player</Filter>
    </ClInclude>
    <ClInclude Include="Equipment.h">
      <Filter>ヘッダーファイル\mover\player</Filter>
    </ClInclude>
    <ClInclude Include="Equipment1.h">
      <Filter>ヘッダーファイル\mover\player</Filter>
    </ClInclude>
    <ClInclude Include="EnemyArea.h">
      <Filter>ヘッダーファイル\mover\enemy</Filter>
    </ClInclude>
    <ClInclude Include="Mover2D.h">
      <Filter>ヘッダーファイル\mover</Filter>
    </ClInclude>
    <ClInclude Include="MoverList.h">
      <Filter>ヘッダーファイル\mover</Filter>
    </ClInclude>
    <ClInclude Include="Obstacle.h">
      <Filter>ヘッダーファイル\mover\Obstraut</Filter>
    </ClInclude>
    <ClInclude Include="Scene_Corection.h">
      <Filter>ヘッダーファイル\Scene</Filter>
    </ClInclude>
    <ClInclude Include="SceneManager_infure.h">
      <Filter>ヘッダーファイル\Scene</Filter>
    </ClInclude>
    <ClInclude Include="SceneTitle.h">
      <Filter>ヘッダーファイル\Scene</Filter>
    </ClInclude>
    <ClInclude Include="UI.h">
      <Filter>ヘッダーファイル\UI</Filter>
    </ClInclude>
    <ClInclude Include="UIPlayer.h">
      <Filter>ヘッダーファイル\UI</Filter>
    </ClInclude>
    <ClInclude Include="item.h">
      <Filter>ヘッダーファイル\mover\item</Filter>
    </ClInclude>
    <ClInclude Include="F_lib\include\singlton.h">
      <Filter>f_lib\h</Filter>
    </ClInclude>
    <ClInclude Include="TM.h">
      <Filter>ヘッダーファイル\window</Filter>
    </ClInclude>
    <ClInclude Include="input.h">
      <Filter>ヘッダーファイル\window</Filter>
    </ClInclude>
    <ClInclude Include="MainWindow.h">
      <Filter>ヘッダーファイル\window</Filter>
    </ClInclude>
    <ClInclude Include="MeshM.h">
      <Filter>ヘッダーファイル\window</Filter>
    </ClInclude>
    <ClInclude Include="RenderTargetResources.h">
      <Filter>ヘッダーファイル\window</Filter>
    </ClInclude>
    <ClInclude Include="RM.h">
      <Filter>ヘッダーファイル\window</Filter>
    </ClInclude>
    <ClInclude Include="F_lib\include\sound.h">
      <Filter>ヘッダーファイル\window</Filter>
    </ClInclude>
    <ClInclude Include="Shop.h">
      <Filter>ヘッダーファイル</Filter>
    </ClInclude>
    <ClInclude Include="CustomInput.h">
      <Filter>ヘッダーファイル\window</Filter>
    </ClInclude>
    <ClInclude Include="D2DDrawMng.h">
      <Filter>ヘッダーファイル\window</Filter>
    </ClInclude>
    <ClInclude Include="D2DFunctions.h">
      <Filter>ヘッダーファイル\window</Filter>
    </ClInclude>
    <ClInclude Include="D2DRenderTargetsAndDWrite.h">
      <Filter>ヘッダーファイル\window</Filter>
    </ClInclude>
    <ClInclude Include="D2DText.h">
      <Filter>ヘッダーファイル\window</Filter>
    </ClInclude>
    <ClInclude Include="Scene_Game.h">
      <Filter>ヘッダーファイル\Scene\game</Filter>
    </ClInclude>
    <ClInclude Include="GameTimer.h">
      <Filter>ヘッダーファイル\Scene\game</Filter>
    </ClInclude>
    <ClInclude Include="gameArea.h">
      <Filter>ヘッダーファイル\Scene\game</Filter>
    </ClInclude>
    <ClInclude Include="AreaEnemySpawner.h">
      <Filter>ヘッダーファイル\mover\factly</Filter>
    </ClInclude>
    <ClInclude Include="EnemySpawner.h">
      <Filter>ヘッダーファイル\mover\factly</Filter>
    </ClInclude>
  </ItemGroup>
  <ItemGroup>
    <Filter Include="ヘッダーファイル">
      <UniqueIdentifier>{3dd50d4b-80e0-4428-8f49-f6917ed572ff}</UniqueIdentifier>
    </Filter>
    <Filter Include="ソースファイル">
      <UniqueIdentifier>{e4fc217f-69b0-49d7-b80e-b856e1d664f4}</UniqueIdentifier>
    </Filter>
    <Filter Include="ヘッダーファイル\mover">
      <UniqueIdentifier>{06e4c458-2fce-4082-81f9-116a25caaa97}</UniqueIdentifier>
    </Filter>
    <Filter Include="ヘッダーファイル\mover\enemy">
      <UniqueIdentifier>{f89dfd75-fc51-4d7b-84d7-a86b1095549d}</UniqueIdentifier>
    </Filter>
    <Filter Include="ヘッダーファイル\mover\player">
      <UniqueIdentifier>{42fa3b7a-0981-45a4-ac95-6c327df393a1}</UniqueIdentifier>
    </Filter>
    <Filter Include="ヘッダーファイル\mover\Obstraut">
      <UniqueIdentifier>{ececbb52-ae74-4a7d-90bc-fa1068d44e25}</UniqueIdentifier>
    </Filter>
    <Filter Include="ヘッダーファイル\mover\Boss">
      <UniqueIdentifier>{b9b37b3a-1363-4281-8b1e-6790338993d8}</UniqueIdentifier>
    </Filter>
    <Filter Include="ヘッダーファイル\mover\bullet">
      <UniqueIdentifier>{d3b78f4d-4bb9-4b8d-8696-4d174d8b1373}</UniqueIdentifier>
    </Filter>
    <Filter Include="ソースファイル\mover">
      <UniqueIdentifier>{1ebd18e8-58bb-4dcb-81bc-677f64eb45cb}</UniqueIdentifier>
    </Filter>
    <Filter Include="ソースファイル\mover\enemy">
      <UniqueIdentifier>{e93ef0a2-cf08-41ae-ac99-64c6bf75b1f5}</UniqueIdentifier>
    </Filter>
    <Filter Include="ソースファイル\mover\Boss">
      <UniqueIdentifier>{487f4fbe-f765-4dc2-bcbe-b3b7908e60e2}</UniqueIdentifier>
    </Filter>
    <Filter Include="ソースファイル\mover\player">
      <UniqueIdentifier>{68920401-cc9a-42b1-860d-679cc51a45ca}</UniqueIdentifier>
    </Filter>
    <Filter Include="ソースファイル\mover\Obstraut">
      <UniqueIdentifier>{d931fd6e-3d5f-48fc-b2f5-9d1ba6357199}</UniqueIdentifier>
    </Filter>
    <Filter Include="ソースファイル\mover\Bullet">
      <UniqueIdentifier>{3e4b1ea0-b060-4ccc-856f-c05059faeb0a}</UniqueIdentifier>
    </Filter>
    <Filter Include="f_lib">
      <UniqueIdentifier>{c018f53d-dcff-4fc8-82db-78faa3c50123}</UniqueIdentifier>
    </Filter>
    <Filter Include="ヘッダーファイル\UI">
      <UniqueIdentifier>{c10731c9-67ef-445b-b4c3-d96a6bc6ebc3}</UniqueIdentifier>
    </Filter>
    <Filter Include="ヘッダーファイル\Scene">
      <UniqueIdentifier>{da5ef519-82fb-4bb4-bc9f-5bb6c6e1dd66}</UniqueIdentifier>
    </Filter>
    <Filter Include="f_lib\h">
      <UniqueIdentifier>{88f76628-52af-4534-a608-00e61d63415f}</UniqueIdentifier>
    </Filter>
    <Filter Include="f_lib\cpp">
      <UniqueIdentifier>{187e6f01-0b24-4a42-b2ae-844ee96596e3}</UniqueIdentifier>
    </Filter>
    <Filter Include="ヘッダーファイル\mover\item">
      <UniqueIdentifier>{386216fd-f778-4ebc-b423-475150a003e5}</UniqueIdentifier>
    </Filter>
    <Filter Include="ヘッダーファイル\window">
      <UniqueIdentifier>{c2f0ffe3-76f6-4801-8dc3-bea33bb24f4d}</UniqueIdentifier>
    </Filter>
    <Filter Include="ヘッダーファイル\Scene\game">
      <UniqueIdentifier>{8e76872c-c8aa-452a-a256-03582d7ad20a}</UniqueIdentifier>
    </Filter>
    <Filter Include="ヘッダーファイル\mover\factly">
      <UniqueIdentifier>{47d15f4a-1f10-4cd7-bb18-979d88636964}</UniqueIdentifier>
    </Filter>
    <Filter Include="ソースファイル\mover\item">
      <UniqueIdentifier>{b7c5584b-099f-4087-a24d-1f4f61d0aabd}</UniqueIdentifier>
    </Filter>
    <Filter Include="ソースファイル\window">
      <UniqueIdentifier>{964a2ed0-522d-42db-8c31-e0edcab75114}</UniqueIdentifier>
    </Filter>
    <Filter Include="ソースファイル\ui">
      <UniqueIdentifier>{e65a4aee-60a9-45ec-8e11-65c67bfc6b92}</UniqueIdentifier>
    </Filter>
    <Filter Include="ソースファイル\Scene">
      <UniqueIdentifier>{22d29fd9-a0c7-4333-97e5-77f5d857dd85}</UniqueIdentifier>
    </Filter>
    <Filter Include="ソースファイル\mover\factly">
      <UniqueIdentifier>{4b73ca97-ca89-4d39-8c13-9aad7bbde278}</UniqueIdentifier>
    </Filter>
    <Filter Include="ソースファイル\Scene\game">
      <UniqueIdentifier>{d3565ceb-8da2-42a0-acaa-884fb5a4292f}</UniqueIdentifier>
    </Filter>
  </ItemGroup>
</Project>